PODS:
  - IQKeyboardManagerSwift (6.5.11)
  - SnapKit (5.0.1)
  - Starscream (4.0.4)
  - SwiftDate (6.3.1)
  - SwiftProtobuf (1.20.3)
  - TeneasyChatSDK_iOS (1.0.1):
    - Starscream (= 4.0.4)
    - SwiftProtobuf (~> 1.20.3)
  - TeneasyChatSDKUI_iOS (0.1.0):
    - IQKeyboardManagerSwift (~> 6.5.9)
    - SnapKit (~> 5.0.1)
    - SwiftDate (~> 6.3.1)
    - TeneasyChatSDK_iOS (~> 1.0.0)

DEPENDENCIES:
  - IQKeyboardManagerSwift (~> 6.5.9)
  - SnapKit (~> 5.0.1)
  - TeneasyChatSDK_iOS (from `https://github.com/tianxuefeng/TeneasyChatSDK_iOS.git`)
  - TeneasyChatSDKUI_iOS (from `../`)

SPEC REPOS:
  trunk:
    - IQKeyboardManagerSwift
    - SnapKit
    - Starscream
    - SwiftDate
    - SwiftProtobuf

EXTERNAL SOURCES:
  TeneasyChatSDK_iOS:
    :git: https://github.com/tianxuefeng/TeneasyChatSDK_iOS.git
  TeneasyChatSDKUI_iOS:
    :path: "../"

CHECKOUT OPTIONS:
  TeneasyChatSDK_iOS:
    :commit: b0cb1ef089f478bed8a68bf91f5150bb163ec8f1
    :git: https://github.com/tianxuefeng/TeneasyChatSDK_iOS.git

SPEC CHECKSUMS:
  IQKeyboardManagerSwift: c7955c0bdbf7b2eb29bb7daaa44e3d90f55a9a85
  SnapKit: 97b92857e3df3a0c71833cce143274bf6ef8e5eb
  Starscream: 5178aed56b316f13fa3bc55694e583d35dd414d9
  SwiftDate: 72d28954e8e1c6c1c0f917ccc8005e4f83c7d4b2
  SwiftProtobuf: b02b5075dcf60c9f5f403000b3b0c202a11b6ae1
  TeneasyChatSDK_iOS: b355074b1ff949f174f1f10702897fb0d32b5b5e
  TeneasyChatSDKUI_iOS: 3ae06ef655a13f10e98cdd79980ca9d7df14c5eb

PODFILE CHECKSUM: e6a4983f5d2b0935c60348faa3845a421204c2a2

COCOAPODS: 1.11.3
